
Microsoft Visual Studio Solution File, Format Version 12.00
# Visual Studio 16
Project("{FAE04EC0-301F-11D3-BF4B-00C04F79EFBC}") = "Assembly-CSharp", "Assembly-CSharp.csproj", "{EAFE00A9-1C71-00E6-EA46-E4C8FB461365}"
EndProject
Project("{FAE04EC0-301F-11D3-BF4B-00C04F79EFBC}") = "Assembly-CSharp-Editor", "Assembly-CSharp-Editor.csproj", "{8D44BFAE-92A5-6FB6-C72E-E8FB0B243061}"
EndProject
Global
	GlobalSection(SolutionConfigurationPlatforms) = preSolution
		Debug|Any CPU = Debug|Any CPU
		Release|Any CPU = Release|Any CPU
	EndGlobalSection
	GlobalSection(ProjectConfigurationPlatforms) = postSolution
		{EAFE00A9-1C71-00E6-EA46-E4C8FB461365}.Debug|Any CPU.ActiveCfg = Debug|Any CPU
		{EAFE00A9-1C71-00E6-EA46-E4C8FB461365}.Debug|Any CPU.Build.0 = Debug|Any CPU
		{EAFE00A9-1C71-00E6-EA46-E4C8FB461365}.Release|Any CPU.ActiveCfg = Release|Any CPU
		{EAFE00A9-1C71-00E6-EA46-E4C8FB461365}.Release|Any CPU.Build.0 = Release|Any CPU
		{8D44BFAE-92A5-6FB6-C72E-E8FB0B243061}.Debug|Any CPU.ActiveCfg = Debug|Any CPU
		{8D44BFAE-92A5-6FB6-C72E-E8FB0B243061}.Debug|Any CPU.Build.0 = Debug|Any CPU
		{8D44BFAE-92A5-6FB6-C72E-E8FB0B243061}.Release|Any CPU.ActiveCfg = Release|Any CPU
		{8D44BFAE-92A5-6FB6-C72E-E8FB0B243061}.Release|Any CPU.Build.0 = Release|Any CPU
	EndGlobalSection
	GlobalSection(SolutionProperties) = preSolution
		HideSolutionNode = FALSE
	EndGlobalSection
	GlobalSection(MonoDevelopProperties) = preSolution
		StartupItem = Assembly-CSharp.csproj
	EndGlobalSection
EndGlobal
